version = 1
revision = 3
requires-python = ">=3.12"

[[package]]
name = "football-estimator-using-fuzzy-theory"
version = "0.1.0"
source = { virtual = "." }
dependencies = [
    { name = "scikit-fuzzy" },
]

[package.metadata]
requires-dist = [{ name = "scikit-fuzzy", specifier = ">=0.5.0" }]

[[package]]
name = "scikit-fuzzy"
version = "0.5.0"
source = { registry = "https://pypi.org/simple" }
sdist = { url = "https://files.pythonhosted.org/packages/98/1c/eeffa327ecf44e11fdd312b2b8cf5a7ac7f6cd2956646980893dc4aa56d8/scikit_fuzzy-0.5.0.tar.gz", hash = "sha256:2ee5340523aa7635ca568b9d8029c7738d05f9ea550fc89d4054b4cb50f34e7f", size = 958406, upload-time = "2024-08-22T22:20:45.697Z" }
wheels = [
    { url = "https://files.pythonhosted.org/packages/9d/06/da70811f95c4a3bada55e7b20c957548a4d9bc21150916f0c024286d67c7/scikit_fuzzy-0.5.0-py2.py3-none-any.whl", hash = "sha256:e456c365146bc5c58d9f593f4127ac783112e2daf89f87b12c6ef3c38e4087dd", size = 920817, upload-time = "2024-08-22T22:20:43.447Z" },
]
